
Microsoft Visual Studio Solution File, Format Version 12.00
# Visual Studio Version 17
VisualStudioVersion = 17.0.32112.339
MinimumVisualStudioVersion = 10.0.40219.1
Project("{FAE04EC0-301F-11D3-BF4B-00C04F79EFBC}") = "API", "API\UserManagementService.csproj", "{D5501B1B-9027-4E20-94F1-51C13221E547}"
EndProject
Global
	GlobalSection(SolutionConfigurationPlatforms) = preSolution
		Debug|Any CPU = Debug|Any CPU
		Release|Any CPU = Release|Any CPU
	EndGlobalSection
	GlobalSection(ProjectConfigurationPlatforms) = postSolution
		{D5501B1B-9027-4E20-94F1-51C13221E547}.Debug|Any CPU.ActiveCfg = Debug|Any CPU
		{D5501B1B-9027-4E20-94F1-51C13221E547}.Debug|Any CPU.Build.0 = Debug|Any CPU
		{D5501B1B-9027-4E20-94F1-51C13221E547}.Release|Any CPU.ActiveCfg = Release|Any CPU
		{D5501B1B-9027-4E20-94F1-51C13221E547}.Release|Any CPU.Build.0 = Release|Any CPU
	EndGlobalSection
	GlobalSection(SolutionProperties) = preSolution
		HideSolutionNode = FALSE
	EndGlobalSection
	GlobalSection(ExtensibilityGlobals) = postSolution
		SolutionGuid = {AC132256-2B16-49F2-A88F-9D8141BC3F12}
	EndGlobalSection
EndGlobal
