
Microsoft Visual Studio Solution File, Format Version 12.00
# Visual Studio Version 17
VisualStudioVersion = 17.0.32112.339
MinimumVisualStudioVersion = 10.0.40219.1
Project("{9A19103F-16F7-4668-BE54-9A1E7A4F7556}") = "UserManagementService.API", "UserManagementService.API\UserManagementService.API.csproj", "{D5501B1B-9027-4E20-94F1-51C13221E547}"
EndProject
Project("{FAE04EC0-301F-11D3-BF4B-00C04F79EFBC}") = "UserManagementService.Infrastructure", "UserManagementService.Infrastructure\UserManagementService.Infrastructure.csproj", "{E23CB968-E769-4E18-B07F-290F3AC65184}"
EndProject
Project("{FAE04EC0-301F-11D3-BF4B-00C04F79EFBC}") = "UserManagementService.Core", "UserManagementService.Core\UserManagementService.Core.csproj", "{19911082-B485-4B80-B252-378B300DB0E4}"
EndProject
Project("{FAE04EC0-301F-11D3-BF4B-00C04F79EFBC}") = "UserManagementService.Shared", "UserManagementService.Shared\UserManagementService.Shared.csproj", "{4F42DD75-38A9-4ED1-B88E-B4095A3A6A4B}"
EndProject
Project("{2150E333-8FDC-42A3-9474-1A3956D46DE8}") = "Test", "Test", "{B5A7B828-3DB3-491B-893D-326CB70CF5A9}"
EndProject
Project("{FAE04EC0-301F-11D3-BF4B-00C04F79EFBC}") = "UserManagementService.API.Test.Unit", "Test\UserManagementService.API.Test.Unit\UserManagementService.API.Test.Unit.csproj", "{D81AB2D6-4D47-4F1F-B1C1-F374157BC365}"
EndProject
Global
	GlobalSection(SolutionConfigurationPlatforms) = preSolution
		Debug|Any CPU = Debug|Any CPU
		Release|Any CPU = Release|Any CPU
	EndGlobalSection
	GlobalSection(ProjectConfigurationPlatforms) = postSolution
		{D5501B1B-9027-4E20-94F1-51C13221E547}.Debug|Any CPU.ActiveCfg = Debug|Any CPU
		{D5501B1B-9027-4E20-94F1-51C13221E547}.Debug|Any CPU.Build.0 = Debug|Any CPU
		{D5501B1B-9027-4E20-94F1-51C13221E547}.Release|Any CPU.ActiveCfg = Release|Any CPU
		{D5501B1B-9027-4E20-94F1-51C13221E547}.Release|Any CPU.Build.0 = Release|Any CPU
		{E23CB968-E769-4E18-B07F-290F3AC65184}.Debug|Any CPU.ActiveCfg = Debug|Any CPU
		{E23CB968-E769-4E18-B07F-290F3AC65184}.Debug|Any CPU.Build.0 = Debug|Any CPU
		{E23CB968-E769-4E18-B07F-290F3AC65184}.Release|Any CPU.ActiveCfg = Release|Any CPU
		{E23CB968-E769-4E18-B07F-290F3AC65184}.Release|Any CPU.Build.0 = Release|Any CPU
		{19911082-B485-4B80-B252-378B300DB0E4}.Debug|Any CPU.ActiveCfg = Debug|Any CPU
		{19911082-B485-4B80-B252-378B300DB0E4}.Debug|Any CPU.Build.0 = Debug|Any CPU
		{19911082-B485-4B80-B252-378B300DB0E4}.Release|Any CPU.ActiveCfg = Release|Any CPU
		{19911082-B485-4B80-B252-378B300DB0E4}.Release|Any CPU.Build.0 = Release|Any CPU
		{4F42DD75-38A9-4ED1-B88E-B4095A3A6A4B}.Debug|Any CPU.ActiveCfg = Debug|Any CPU
		{4F42DD75-38A9-4ED1-B88E-B4095A3A6A4B}.Debug|Any CPU.Build.0 = Debug|Any CPU
		{4F42DD75-38A9-4ED1-B88E-B4095A3A6A4B}.Release|Any CPU.ActiveCfg = Release|Any CPU
		{4F42DD75-38A9-4ED1-B88E-B4095A3A6A4B}.Release|Any CPU.Build.0 = Release|Any CPU
		{D81AB2D6-4D47-4F1F-B1C1-F374157BC365}.Debug|Any CPU.ActiveCfg = Debug|Any CPU
		{D81AB2D6-4D47-4F1F-B1C1-F374157BC365}.Debug|Any CPU.Build.0 = Debug|Any CPU
		{D81AB2D6-4D47-4F1F-B1C1-F374157BC365}.Release|Any CPU.ActiveCfg = Release|Any CPU
		{D81AB2D6-4D47-4F1F-B1C1-F374157BC365}.Release|Any CPU.Build.0 = Release|Any CPU
	EndGlobalSection
	GlobalSection(SolutionProperties) = preSolution
		HideSolutionNode = FALSE
	EndGlobalSection
	GlobalSection(NestedProjects) = preSolution
		{D81AB2D6-4D47-4F1F-B1C1-F374157BC365} = {B5A7B828-3DB3-491B-893D-326CB70CF5A9}
	EndGlobalSection
	GlobalSection(ExtensibilityGlobals) = postSolution
		SolutionGuid = {AC132256-2B16-49F2-A88F-9D8141BC3F12}
	EndGlobalSection
EndGlobal
